
Microsoft Visual Studio Solution File, Format Version 12.00
# Visual Studio Version 16
VisualStudioVersion = 16.0.30204.135
MinimumVisualStudioVersion = 10.0.40219.1
Project("{FAE04EC0-301F-11D3-BF4B-00C04F79EFBC}") = "sample_2_12", "sample_2_12\sample_2_12.csproj", "{6DD0CB79-C19F-46B6-971A-6708BBF86B5A}"
EndProject
Global
	GlobalSection(SolutionConfigurationPlatforms) = preSolution
		Debug|Any CPU = Debug|Any CPU
		Release|Any CPU = Release|Any CPU
	EndGlobalSection
	GlobalSection(ProjectConfigurationPlatforms) = postSolution
		{6DD0CB79-C19F-46B6-971A-6708BBF86B5A}.Debug|Any CPU.ActiveCfg = Debug|Any CPU
		{6DD0CB79-C19F-46B6-971A-6708BBF86B5A}.Debug|Any CPU.Build.0 = Debug|Any CPU
		{6DD0CB79-C19F-46B6-971A-6708BBF86B5A}.Release|Any CPU.ActiveCfg = Release|Any CPU
		{6DD0CB79-C19F-46B6-971A-6708BBF86B5A}.Release|Any CPU.Build.0 = Release|Any CPU
	EndGlobalSection
	GlobalSection(SolutionProperties) = preSolution
		HideSolutionNode = FALSE
	EndGlobalSection
	GlobalSection(ExtensibilityGlobals) = postSolution
		SolutionGuid = {944C13C6-288C-4EAE-9E30-CD335AAFD397}
	EndGlobalSection
EndGlobal
