
Microsoft Visual Studio Solution File, Format Version 12.00
# Visual Studio Version 16
VisualStudioVersion = 16.0.30204.135
MinimumVisualStudioVersion = 10.0.40219.1
Project("{FAE04EC0-301F-11D3-BF4B-00C04F79EFBC}") = "sample_7_5", "sample_7_5\sample_7_5.csproj", "{1A627830-3AE7-4B7A-AFB3-11CF3FA2BB1C}"
EndProject
Global
	GlobalSection(SolutionConfigurationPlatforms) = preSolution
		Debug|Any CPU = Debug|Any CPU
		Release|Any CPU = Release|Any CPU
	EndGlobalSection
	GlobalSection(ProjectConfigurationPlatforms) = postSolution
		{1A627830-3AE7-4B7A-AFB3-11CF3FA2BB1C}.Debug|Any CPU.ActiveCfg = Debug|Any CPU
		{1A627830-3AE7-4B7A-AFB3-11CF3FA2BB1C}.Debug|Any CPU.Build.0 = Debug|Any CPU
		{1A627830-3AE7-4B7A-AFB3-11CF3FA2BB1C}.Release|Any CPU.ActiveCfg = Release|Any CPU
		{1A627830-3AE7-4B7A-AFB3-11CF3FA2BB1C}.Release|Any CPU.Build.0 = Release|Any CPU
	EndGlobalSection
	GlobalSection(SolutionProperties) = preSolution
		HideSolutionNode = FALSE
	EndGlobalSection
	GlobalSection(ExtensibilityGlobals) = postSolution
		SolutionGuid = {BF044960-CE41-4889-AC37-4388025FF652}
	EndGlobalSection
EndGlobal
