
Microsoft Visual Studio Solution File, Format Version 12.00
# Visual Studio Version 16
VisualStudioVersion = 16.0.30204.135
MinimumVisualStudioVersion = 10.0.40219.1
Project("{FAE04EC0-301F-11D3-BF4B-00C04F79EFBC}") = "sample_3_10", "sample_3_10\sample_3_10.csproj", "{DE283A75-5CE7-411D-8246-556A38B0BEBA}"
EndProject
Global
	GlobalSection(SolutionConfigurationPlatforms) = preSolution
		Debug|Any CPU = Debug|Any CPU
		Release|Any CPU = Release|Any CPU
	EndGlobalSection
	GlobalSection(ProjectConfigurationPlatforms) = postSolution
		{DE283A75-5CE7-411D-8246-556A38B0BEBA}.Debug|Any CPU.ActiveCfg = Debug|Any CPU
		{DE283A75-5CE7-411D-8246-556A38B0BEBA}.Debug|Any CPU.Build.0 = Debug|Any CPU
		{DE283A75-5CE7-411D-8246-556A38B0BEBA}.Release|Any CPU.ActiveCfg = Release|Any CPU
		{DE283A75-5CE7-411D-8246-556A38B0BEBA}.Release|Any CPU.Build.0 = Release|Any CPU
	EndGlobalSection
	GlobalSection(SolutionProperties) = preSolution
		HideSolutionNode = FALSE
	EndGlobalSection
	GlobalSection(ExtensibilityGlobals) = postSolution
		SolutionGuid = {C987AD8E-15C6-4E19-A280-11743B7BB3F9}
	EndGlobalSection
EndGlobal
