
Microsoft Visual Studio Solution File, Format Version 12.00
# Visual Studio Version 16
VisualStudioVersion = 16.0.30204.135
MinimumVisualStudioVersion = 10.0.40219.1
Project("{FAE04EC0-301F-11D3-BF4B-00C04F79EFBC}") = "sample_2_8", "sample_2_8\sample_2_8.csproj", "{CE7499C6-D1CB-41EC-AB60-A54C32AED3CD}"
EndProject
Global
	GlobalSection(SolutionConfigurationPlatforms) = preSolution
		Debug|Any CPU = Debug|Any CPU
		Release|Any CPU = Release|Any CPU
	EndGlobalSection
	GlobalSection(ProjectConfigurationPlatforms) = postSolution
		{CE7499C6-D1CB-41EC-AB60-A54C32AED3CD}.Debug|Any CPU.ActiveCfg = Debug|Any CPU
		{CE7499C6-D1CB-41EC-AB60-A54C32AED3CD}.Debug|Any CPU.Build.0 = Debug|Any CPU
		{CE7499C6-D1CB-41EC-AB60-A54C32AED3CD}.Release|Any CPU.ActiveCfg = Release|Any CPU
		{CE7499C6-D1CB-41EC-AB60-A54C32AED3CD}.Release|Any CPU.Build.0 = Release|Any CPU
	EndGlobalSection
	GlobalSection(SolutionProperties) = preSolution
		HideSolutionNode = FALSE
	EndGlobalSection
	GlobalSection(ExtensibilityGlobals) = postSolution
		SolutionGuid = {A0363393-5E21-483E-A6D0-FEDF247F990D}
	EndGlobalSection
EndGlobal
