
Microsoft Visual Studio Solution File, Format Version 12.00
# Visual Studio Version 16
VisualStudioVersion = 16.0.30204.135
MinimumVisualStudioVersion = 10.0.40219.1
Project("{FAE04EC0-301F-11D3-BF4B-00C04F79EFBC}") = "sample_3_8", "sample_3_8\sample_3_8.csproj", "{FD2295C9-DF99-4103-A636-F3F04E15A406}"
EndProject
Global
	GlobalSection(SolutionConfigurationPlatforms) = preSolution
		Debug|Any CPU = Debug|Any CPU
		Release|Any CPU = Release|Any CPU
	EndGlobalSection
	GlobalSection(ProjectConfigurationPlatforms) = postSolution
		{FD2295C9-DF99-4103-A636-F3F04E15A406}.Debug|Any CPU.ActiveCfg = Debug|Any CPU
		{FD2295C9-DF99-4103-A636-F3F04E15A406}.Debug|Any CPU.Build.0 = Debug|Any CPU
		{FD2295C9-DF99-4103-A636-F3F04E15A406}.Release|Any CPU.ActiveCfg = Release|Any CPU
		{FD2295C9-DF99-4103-A636-F3F04E15A406}.Release|Any CPU.Build.0 = Release|Any CPU
	EndGlobalSection
	GlobalSection(SolutionProperties) = preSolution
		HideSolutionNode = FALSE
	EndGlobalSection
	GlobalSection(ExtensibilityGlobals) = postSolution
		SolutionGuid = {7447A632-3141-4038-8B5C-3100ABA6C785}
	EndGlobalSection
EndGlobal
