
Microsoft Visual Studio Solution File, Format Version 12.00
# Visual Studio Version 16
VisualStudioVersion = 16.0.29905.134
MinimumVisualStudioVersion = 10.0.40219.1
Project("{FAE04EC0-301F-11D3-BF4B-00C04F79EFBC}") = "sample_5_7", "sample_5_7\sample_5_7.csproj", "{D293A1DD-F3B0-4FB7-A6E6-307DC259173D}"
EndProject
Global
	GlobalSection(SolutionConfigurationPlatforms) = preSolution
		Debug|Any CPU = Debug|Any CPU
		Release|Any CPU = Release|Any CPU
	EndGlobalSection
	GlobalSection(ProjectConfigurationPlatforms) = postSolution
		{D293A1DD-F3B0-4FB7-A6E6-307DC259173D}.Debug|Any CPU.ActiveCfg = Debug|Any CPU
		{D293A1DD-F3B0-4FB7-A6E6-307DC259173D}.Debug|Any CPU.Build.0 = Debug|Any CPU
		{D293A1DD-F3B0-4FB7-A6E6-307DC259173D}.Release|Any CPU.ActiveCfg = Release|Any CPU
		{D293A1DD-F3B0-4FB7-A6E6-307DC259173D}.Release|Any CPU.Build.0 = Release|Any CPU
	EndGlobalSection
	GlobalSection(SolutionProperties) = preSolution
		HideSolutionNode = FALSE
	EndGlobalSection
	GlobalSection(ExtensibilityGlobals) = postSolution
		SolutionGuid = {655D7107-EB90-46F8-B85D-39C8D7134568}
	EndGlobalSection
EndGlobal
