
Microsoft Visual Studio Solution File, Format Version 12.00
# Visual Studio Version 16
VisualStudioVersion = 16.0.29905.134
MinimumVisualStudioVersion = 10.0.40219.1
Project("{FAE04EC0-301F-11D3-BF4B-00C04F79EFBC}") = "sample_3_15", "sample_3_15\sample_3_15.csproj", "{ECBBBDB4-945F-4C80-8A9E-68FB5739BEA0}"
EndProject
Global
	GlobalSection(SolutionConfigurationPlatforms) = preSolution
		Debug|Any CPU = Debug|Any CPU
		Release|Any CPU = Release|Any CPU
	EndGlobalSection
	GlobalSection(ProjectConfigurationPlatforms) = postSolution
		{ECBBBDB4-945F-4C80-8A9E-68FB5739BEA0}.Debug|Any CPU.ActiveCfg = Debug|Any CPU
		{ECBBBDB4-945F-4C80-8A9E-68FB5739BEA0}.Debug|Any CPU.Build.0 = Debug|Any CPU
		{ECBBBDB4-945F-4C80-8A9E-68FB5739BEA0}.Release|Any CPU.ActiveCfg = Release|Any CPU
		{ECBBBDB4-945F-4C80-8A9E-68FB5739BEA0}.Release|Any CPU.Build.0 = Release|Any CPU
	EndGlobalSection
	GlobalSection(SolutionProperties) = preSolution
		HideSolutionNode = FALSE
	EndGlobalSection
	GlobalSection(ExtensibilityGlobals) = postSolution
		SolutionGuid = {0064BA0A-64FA-4415-92B5-A6BA0C3A383F}
	EndGlobalSection
EndGlobal
