
Microsoft Visual Studio Solution File, Format Version 12.00
# Visual Studio Version 16
VisualStudioVersion = 16.0.29905.134
MinimumVisualStudioVersion = 10.0.40219.1
Project("{FAE04EC0-301F-11D3-BF4B-00C04F79EFBC}") = "sample_6_9", "sample_6_9\sample_6_9.csproj", "{332CB32F-02D1-49BF-83C4-EEB99CA2055E}"
EndProject
Global
	GlobalSection(SolutionConfigurationPlatforms) = preSolution
		Debug|Any CPU = Debug|Any CPU
		Release|Any CPU = Release|Any CPU
	EndGlobalSection
	GlobalSection(ProjectConfigurationPlatforms) = postSolution
		{332CB32F-02D1-49BF-83C4-EEB99CA2055E}.Debug|Any CPU.ActiveCfg = Debug|Any CPU
		{332CB32F-02D1-49BF-83C4-EEB99CA2055E}.Debug|Any CPU.Build.0 = Debug|Any CPU
		{332CB32F-02D1-49BF-83C4-EEB99CA2055E}.Release|Any CPU.ActiveCfg = Release|Any CPU
		{332CB32F-02D1-49BF-83C4-EEB99CA2055E}.Release|Any CPU.Build.0 = Release|Any CPU
	EndGlobalSection
	GlobalSection(SolutionProperties) = preSolution
		HideSolutionNode = FALSE
	EndGlobalSection
	GlobalSection(ExtensibilityGlobals) = postSolution
		SolutionGuid = {3FC137E4-8337-4C76-9210-A5C09BB35279}
	EndGlobalSection
EndGlobal
