
Microsoft Visual Studio Solution File, Format Version 12.00
# Visual Studio Version 16
VisualStudioVersion = 16.0.30204.135
MinimumVisualStudioVersion = 10.0.40219.1
Project("{FAE04EC0-301F-11D3-BF4B-00C04F79EFBC}") = "sample_7_6", "sample_7_6\sample_7_6.csproj", "{ABC298E5-4DB4-4454-864E-367443D35C55}"
EndProject
Global
	GlobalSection(SolutionConfigurationPlatforms) = preSolution
		Debug|Any CPU = Debug|Any CPU
		Release|Any CPU = Release|Any CPU
	EndGlobalSection
	GlobalSection(ProjectConfigurationPlatforms) = postSolution
		{ABC298E5-4DB4-4454-864E-367443D35C55}.Debug|Any CPU.ActiveCfg = Debug|Any CPU
		{ABC298E5-4DB4-4454-864E-367443D35C55}.Debug|Any CPU.Build.0 = Debug|Any CPU
		{ABC298E5-4DB4-4454-864E-367443D35C55}.Release|Any CPU.ActiveCfg = Release|Any CPU
		{ABC298E5-4DB4-4454-864E-367443D35C55}.Release|Any CPU.Build.0 = Release|Any CPU
	EndGlobalSection
	GlobalSection(SolutionProperties) = preSolution
		HideSolutionNode = FALSE
	EndGlobalSection
	GlobalSection(ExtensibilityGlobals) = postSolution
		SolutionGuid = {44F6F6D8-5323-4623-8C5B-A31985E96B8F}
	EndGlobalSection
EndGlobal
